# THIS IS AN AUTOGENERATED FILE. DO NOT EDIT THIS FILE DIRECTLY.
# yarn lockfile v1


react-speech-recognition@^3.9.0:
  version "3.9.0"
  resolved "https://registry.yarnpkg.com/react-speech-recognition/-/react-speech-recognition-3.9.0.tgz#9e186f7a9e984e9af4638b5b875c5d5bdb616f6d"
  integrity sha512-K42atEDi6P6cIuDnqDG0guzKeLaPlxKjZebhoLbgaJAflzhikrUSQnncCDBE3KXSPk7ASfBoykz+uqp8sB8VFQ==
